
Microsoft Visual Studio Solution File, Format Version 12.00
# Visual Studio Version 17
VisualStudioVersion = 17.5.33516.290
MinimumVisualStudioVersion = 10.0.40219.1
Project("{9A19103F-16F7-4668-BE54-9A1E7A4F7556}") = "DebeziumMSSQL_DotNet", "DebeziumMSSQL_DotNet\DebeziumMSSQL_DotNet.csproj", "{87F64D88-69B7-45CF-9A6A-03D2B5C82753}"
EndProject
Project("{2150E333-8FDC-42A3-9474-1A3956D46DE8}") = "docker", "docker", "{CCF5B402-7A6C-498C-BE30-6350A3D6ECB5}"
	ProjectSection(SolutionItems) = preProject
		docker\docker-compose.yml = docker\docker-compose.yml
	EndProjectSection
EndProject
Project("{2150E333-8FDC-42A3-9474-1A3956D46DE8}") = "files", "files", "{7B72A72C-EF25-46AB-B3F5-9C5C488DA781}"
	ProjectSection(SolutionItems) = preProject
		files\register-connector.json = files\register-connector.json
	EndProjectSection
EndProject
Global
	GlobalSection(SolutionConfigurationPlatforms) = preSolution
		Debug|Any CPU = Debug|Any CPU
		Release|Any CPU = Release|Any CPU
	EndGlobalSection
	GlobalSection(ProjectConfigurationPlatforms) = postSolution
		{87F64D88-69B7-45CF-9A6A-03D2B5C82753}.Debug|Any CPU.ActiveCfg = Debug|Any CPU
		{87F64D88-69B7-45CF-9A6A-03D2B5C82753}.Debug|Any CPU.Build.0 = Debug|Any CPU
		{87F64D88-69B7-45CF-9A6A-03D2B5C82753}.Release|Any CPU.ActiveCfg = Release|Any CPU
		{87F64D88-69B7-45CF-9A6A-03D2B5C82753}.Release|Any CPU.Build.0 = Release|Any CPU
	EndGlobalSection
	GlobalSection(SolutionProperties) = preSolution
		HideSolutionNode = FALSE
	EndGlobalSection
	GlobalSection(ExtensibilityGlobals) = postSolution
		SolutionGuid = {11052D85-079B-4605-BC1A-FD5A00E90727}
	EndGlobalSection
EndGlobal
